{
	"name": "lsp-sample-server",
	"version": "1.0.0",
	"lockfileVersion": 2,
	"requires": true,
	"packages": {
		"": {
			"name": "lsp-sample-server",
			"version": "1.0.0",
			"license": "MIT",
			"dependencies": {
				"@opencode-ai/sdk": "^1.0.128",
				"@tanstack/ai": "^0.0.1",
				"openai": "^6.9.1",
				"sqlite-vec": "^0.1.7-alpha.2",
				"vscode-languageserver": "^9.0.1",
				"vscode-languageserver-textdocument": "^1.0.11"
			},
			"engines": {
				"node": "*"
			}
		},
		"node_modules/@alcyone-labs/zod-to-json-schema": {
			"version": "4.0.10",
			"resolved": "https://registry.npmjs.org/@alcyone-labs/zod-to-json-schema/-/zod-to-json-schema-4.0.10.tgz",
			"integrity": "sha512-TFsSpAPToqmqmT85SGHXuxoCwEeK9zUDvn512O9aBVvWRhSuy+VvAXZkifzsdllD3ncF0ZjUrf4MpBwIEixdWQ==",
			"license": "ISC",
			"peer": true,
			"peerDependencies": {
				"zod": "^4.0.5"
			}
		},
		"node_modules/@opencode-ai/sdk": {
			"version": "1.0.128",
			"resolved": "https://registry.npmjs.org/@opencode-ai/sdk/-/sdk-1.0.128.tgz",
			"integrity": "sha512-Kow3Ivg8bR8dNRp8C0LwF9e8+woIrwFgw3ZALycwCfqS/UujDkJiBeYHdr1l/07GSHP9sZPmvJ6POuvfZ923EA=="
		},
		"node_modules/@tanstack/ai": {
			"version": "0.0.1",
			"resolved": "https://registry.npmjs.org/@tanstack/ai/-/ai-0.0.1.tgz",
			"integrity": "sha512-cRDITa/PRgGWknwv6Vg0RNV3OKKVkwWCk8QVlGHyHPWWnRvaG3pNglOgsCC5fd0kgZraqnCVNPg+8CtWOce/mQ==",
			"license": "MIT",
			"dependencies": {
				"@tanstack/devtools-event-client": "^0.3.5",
				"partial-json": "^0.1.7"
			},
			"engines": {
				"node": ">=18"
			},
			"peerDependencies": {
				"@alcyone-labs/zod-to-json-schema": "^4.0.0",
				"zod": "^3.0.0 || ^4.0.0"
			}
		},
		"node_modules/@tanstack/devtools-event-client": {
			"version": "0.3.5",
			"resolved": "https://registry.npmjs.org/@tanstack/devtools-event-client/-/devtools-event-client-0.3.5.tgz",
			"integrity": "sha512-RL1f5ZlfZMpghrCIdzl6mLOFLTuhqmPNblZgBaeKfdtk5rfbjykurv+VfYydOFXj0vxVIoA2d/zT7xfD7Ph8fw==",
			"license": "MIT",
			"engines": {
				"node": ">=18"
			},
			"funding": {
				"type": "github",
				"url": "https://github.com/sponsors/tannerlinsley"
			}
		},
		"node_modules/openai": {
			"version": "6.9.1",
			"resolved": "https://registry.npmjs.org/openai/-/openai-6.9.1.tgz",
			"integrity": "sha512-vQ5Rlt0ZgB3/BNmTa7bIijYFhz3YBceAA3Z4JuoMSBftBF9YqFHIEhZakSs+O/Ad7EaoEimZvHxD5ylRjN11Lg==",
			"license": "Apache-2.0",
			"bin": {
				"openai": "bin/cli"
			},
			"peerDependencies": {
				"ws": "^8.18.0",
				"zod": "^3.25 || ^4.0"
			},
			"peerDependenciesMeta": {
				"ws": {
					"optional": true
				},
				"zod": {
					"optional": true
				}
			}
		},
		"node_modules/partial-json": {
			"version": "0.1.7",
			"resolved": "https://registry.npmjs.org/partial-json/-/partial-json-0.1.7.tgz",
			"integrity": "sha512-Njv/59hHaokb/hRUjce3Hdv12wd60MtM9Z5Olmn+nehe0QDAsRtRbJPvJ0Z91TusF0SuZRIvnM+S4l6EIP8leA==",
			"license": "MIT"
		},
		"node_modules/sqlite-vec": {
			"version": "0.1.7-alpha.2",
			"resolved": "https://registry.npmjs.org/sqlite-vec/-/sqlite-vec-0.1.7-alpha.2.tgz",
			"integrity": "sha512-rNgRCv+4V4Ed3yc33Qr+nNmjhtrMnnHzXfLVPeGb28Dx5mmDL3Ngw/Wk8vhCGjj76+oC6gnkmMG8y73BZWGBwQ==",
			"license": "MIT OR Apache",
			"optionalDependencies": {
				"sqlite-vec-darwin-arm64": "0.1.7-alpha.2",
				"sqlite-vec-darwin-x64": "0.1.7-alpha.2",
				"sqlite-vec-linux-arm64": "0.1.7-alpha.2",
				"sqlite-vec-linux-x64": "0.1.7-alpha.2",
				"sqlite-vec-windows-x64": "0.1.7-alpha.2"
			}
		},
		"node_modules/sqlite-vec-darwin-arm64": {
			"version": "0.1.7-alpha.2",
			"resolved": "https://registry.npmjs.org/sqlite-vec-darwin-arm64/-/sqlite-vec-darwin-arm64-0.1.7-alpha.2.tgz",
			"integrity": "sha512-raIATOqFYkeCHhb/t3r7W7Cf2lVYdf4J3ogJ6GFc8PQEgHCPEsi+bYnm2JT84MzLfTlSTIdxr4/NKv+zF7oLPw==",
			"cpu": [
				"arm64"
			],
			"license": "MIT OR Apache",
			"optional": true,
			"os": [
				"darwin"
			]
		},
		"node_modules/sqlite-vec-darwin-x64": {
			"version": "0.1.7-alpha.2",
			"resolved": "https://registry.npmjs.org/sqlite-vec-darwin-x64/-/sqlite-vec-darwin-x64-0.1.7-alpha.2.tgz",
			"integrity": "sha512-jeZEELsQjjRsVojsvU5iKxOvkaVuE+JYC8Y4Ma8U45aAERrDYmqZoHvgSG7cg1PXL3bMlumFTAmHynf1y4pOzA==",
			"cpu": [
				"x64"
			],
			"license": "MIT OR Apache",
			"optional": true,
			"os": [
				"darwin"
			]
		},
		"node_modules/sqlite-vec-linux-arm64": {
			"version": "0.1.7-alpha.2",
			"resolved": "https://registry.npmjs.org/sqlite-vec-linux-arm64/-/sqlite-vec-linux-arm64-0.1.7-alpha.2.tgz",
			"integrity": "sha512-6Spj4Nfi7tG13jsUG+W7jnT0bCTWbyPImu2M8nWp20fNrd1SZ4g3CSlDAK8GBdavX7wRlbBHCZ+BDa++rbDewA==",
			"cpu": [
				"arm64"
			],
			"license": "MIT OR Apache",
			"optional": true,
			"os": [
				"linux"
			]
		},
		"node_modules/sqlite-vec-linux-x64": {
			"version": "0.1.7-alpha.2",
			"resolved": "https://registry.npmjs.org/sqlite-vec-linux-x64/-/sqlite-vec-linux-x64-0.1.7-alpha.2.tgz",
			"integrity": "sha512-IcgrbHaDccTVhXDf8Orwdc2+hgDLAFORl6OBUhcvlmwswwBP1hqBTSEhovClG4NItwTOBNgpwOoQ7Qp3VDPWLg==",
			"cpu": [
				"x64"
			],
			"license": "MIT OR Apache",
			"optional": true,
			"os": [
				"linux"
			]
		},
		"node_modules/sqlite-vec-windows-x64": {
			"version": "0.1.7-alpha.2",
			"resolved": "https://registry.npmjs.org/sqlite-vec-windows-x64/-/sqlite-vec-windows-x64-0.1.7-alpha.2.tgz",
			"integrity": "sha512-TRP6hTjAcwvQ6xpCZvjP00pdlda8J38ArFy1lMYhtQWXiIBmWnhMaMbq4kaeCYwvTTddfidatRS+TJrwIKB/oQ==",
			"cpu": [
				"x64"
			],
			"license": "MIT OR Apache",
			"optional": true,
			"os": [
				"win32"
			]
		},
		"node_modules/vscode-jsonrpc": {
			"version": "8.2.0",
			"resolved": "https://registry.npmjs.org/vscode-jsonrpc/-/vscode-jsonrpc-8.2.0.tgz",
			"integrity": "sha512-C+r0eKJUIfiDIfwJhria30+TYWPtuHJXHtI7J0YlOmKAo7ogxP20T0zxB7HZQIFhIyvoBPwWskjxrvAtfjyZfA==",
			"engines": {
				"node": ">=14.0.0"
			}
		},
		"node_modules/vscode-languageserver": {
			"version": "9.0.1",
			"resolved": "https://registry.npmjs.org/vscode-languageserver/-/vscode-languageserver-9.0.1.tgz",
			"integrity": "sha512-woByF3PDpkHFUreUa7Hos7+pUWdeWMXRd26+ZX2A8cFx6v/JPTtd4/uN0/jB6XQHYaOlHbio03NTHCqrgG5n7g==",
			"dependencies": {
				"vscode-languageserver-protocol": "3.17.5"
			},
			"bin": {
				"installServerIntoExtension": "bin/installServerIntoExtension"
			}
		},
		"node_modules/vscode-languageserver-protocol": {
			"version": "3.17.5",
			"resolved": "https://registry.npmjs.org/vscode-languageserver-protocol/-/vscode-languageserver-protocol-3.17.5.tgz",
			"integrity": "sha512-mb1bvRJN8SVznADSGWM9u/b07H7Ecg0I3OgXDuLdn307rl/J3A9YD6/eYOssqhecL27hK1IPZAsaqh00i/Jljg==",
			"dependencies": {
				"vscode-jsonrpc": "8.2.0",
				"vscode-languageserver-types": "3.17.5"
			}
		},
		"node_modules/vscode-languageserver-textdocument": {
			"version": "1.0.11",
			"resolved": "https://registry.npmjs.org/vscode-languageserver-textdocument/-/vscode-languageserver-textdocument-1.0.11.tgz",
			"integrity": "sha512-X+8T3GoiwTVlJbicx/sIAF+yuJAqz8VvwJyoMVhwEMoEKE/fkDmrqUgDMyBECcM2A2frVZIUj5HI/ErRXCfOeA=="
		},
		"node_modules/vscode-languageserver-types": {
			"version": "3.17.5",
			"resolved": "https://registry.npmjs.org/vscode-languageserver-types/-/vscode-languageserver-types-3.17.5.tgz",
			"integrity": "sha512-Ld1VelNuX9pdF39h2Hgaeb5hEZM2Z3jUrrMgWQAu82jMtZp7p3vJT3BzToKtZI7NgQssZje5o0zryOrhQvzQAg=="
		},
		"node_modules/zod": {
			"version": "4.1.13",
			"resolved": "https://registry.npmjs.org/zod/-/zod-4.1.13.tgz",
			"integrity": "sha512-AvvthqfqrAhNH9dnfmrfKzX5upOdjUVJYFqNSlkmGf64gRaTzlPwz99IHYnVs28qYAybvAlBV+H7pn0saFY4Ig==",
			"license": "MIT",
			"peer": true,
			"funding": {
				"url": "https://github.com/sponsors/colinhacks"
			}
		}
	},
	"dependencies": {
		"@alcyone-labs/zod-to-json-schema": {
			"version": "4.0.10",
			"resolved": "https://registry.npmjs.org/@alcyone-labs/zod-to-json-schema/-/zod-to-json-schema-4.0.10.tgz",
			"integrity": "sha512-TFsSpAPToqmqmT85SGHXuxoCwEeK9zUDvn512O9aBVvWRhSuy+VvAXZkifzsdllD3ncF0ZjUrf4MpBwIEixdWQ==",
			"peer": true,
			"requires": {}
		},
		"@opencode-ai/sdk": {
			"version": "1.0.128",
			"resolved": "https://registry.npmjs.org/@opencode-ai/sdk/-/sdk-1.0.128.tgz",
			"integrity": "sha512-Kow3Ivg8bR8dNRp8C0LwF9e8+woIrwFgw3ZALycwCfqS/UujDkJiBeYHdr1l/07GSHP9sZPmvJ6POuvfZ923EA=="
		},
		"@tanstack/ai": {
			"version": "0.0.1",
			"resolved": "https://registry.npmjs.org/@tanstack/ai/-/ai-0.0.1.tgz",
			"integrity": "sha512-cRDITa/PRgGWknwv6Vg0RNV3OKKVkwWCk8QVlGHyHPWWnRvaG3pNglOgsCC5fd0kgZraqnCVNPg+8CtWOce/mQ==",
			"requires": {
				"@tanstack/devtools-event-client": "^0.3.5",
				"partial-json": "^0.1.7"
			}
		},
		"@tanstack/devtools-event-client": {
			"version": "0.3.5",
			"resolved": "https://registry.npmjs.org/@tanstack/devtools-event-client/-/devtools-event-client-0.3.5.tgz",
			"integrity": "sha512-RL1f5ZlfZMpghrCIdzl6mLOFLTuhqmPNblZgBaeKfdtk5rfbjykurv+VfYydOFXj0vxVIoA2d/zT7xfD7Ph8fw=="
		},
		"openai": {
			"version": "6.9.1",
			"resolved": "https://registry.npmjs.org/openai/-/openai-6.9.1.tgz",
			"integrity": "sha512-vQ5Rlt0ZgB3/BNmTa7bIijYFhz3YBceAA3Z4JuoMSBftBF9YqFHIEhZakSs+O/Ad7EaoEimZvHxD5ylRjN11Lg==",
			"requires": {}
		},
		"partial-json": {
			"version": "0.1.7",
			"resolved": "https://registry.npmjs.org/partial-json/-/partial-json-0.1.7.tgz",
			"integrity": "sha512-Njv/59hHaokb/hRUjce3Hdv12wd60MtM9Z5Olmn+nehe0QDAsRtRbJPvJ0Z91TusF0SuZRIvnM+S4l6EIP8leA=="
		},
		"sqlite-vec": {
			"version": "0.1.7-alpha.2",
			"resolved": "https://registry.npmjs.org/sqlite-vec/-/sqlite-vec-0.1.7-alpha.2.tgz",
			"integrity": "sha512-rNgRCv+4V4Ed3yc33Qr+nNmjhtrMnnHzXfLVPeGb28Dx5mmDL3Ngw/Wk8vhCGjj76+oC6gnkmMG8y73BZWGBwQ==",
			"requires": {
				"sqlite-vec-darwin-arm64": "0.1.7-alpha.2",
				"sqlite-vec-darwin-x64": "0.1.7-alpha.2",
				"sqlite-vec-linux-arm64": "0.1.7-alpha.2",
				"sqlite-vec-linux-x64": "0.1.7-alpha.2",
				"sqlite-vec-windows-x64": "0.1.7-alpha.2"
			}
		},
		"sqlite-vec-darwin-arm64": {
			"version": "0.1.7-alpha.2",
			"resolved": "https://registry.npmjs.org/sqlite-vec-darwin-arm64/-/sqlite-vec-darwin-arm64-0.1.7-alpha.2.tgz",
			"integrity": "sha512-raIATOqFYkeCHhb/t3r7W7Cf2lVYdf4J3ogJ6GFc8PQEgHCPEsi+bYnm2JT84MzLfTlSTIdxr4/NKv+zF7oLPw==",
			"optional": true
		},
		"sqlite-vec-darwin-x64": {
			"version": "0.1.7-alpha.2",
			"resolved": "https://registry.npmjs.org/sqlite-vec-darwin-x64/-/sqlite-vec-darwin-x64-0.1.7-alpha.2.tgz",
			"integrity": "sha512-jeZEELsQjjRsVojsvU5iKxOvkaVuE+JYC8Y4Ma8U45aAERrDYmqZoHvgSG7cg1PXL3bMlumFTAmHynf1y4pOzA==",
			"optional": true
		},
		"sqlite-vec-linux-arm64": {
			"version": "0.1.7-alpha.2",
			"resolved": "https://registry.npmjs.org/sqlite-vec-linux-arm64/-/sqlite-vec-linux-arm64-0.1.7-alpha.2.tgz",
			"integrity": "sha512-6Spj4Nfi7tG13jsUG+W7jnT0bCTWbyPImu2M8nWp20fNrd1SZ4g3CSlDAK8GBdavX7wRlbBHCZ+BDa++rbDewA==",
			"optional": true
		},
		"sqlite-vec-linux-x64": {
			"version": "0.1.7-alpha.2",
			"resolved": "https://registry.npmjs.org/sqlite-vec-linux-x64/-/sqlite-vec-linux-x64-0.1.7-alpha.2.tgz",
			"integrity": "sha512-IcgrbHaDccTVhXDf8Orwdc2+hgDLAFORl6OBUhcvlmwswwBP1hqBTSEhovClG4NItwTOBNgpwOoQ7Qp3VDPWLg==",
			"optional": true
		},
		"sqlite-vec-windows-x64": {
			"version": "0.1.7-alpha.2",
			"resolved": "https://registry.npmjs.org/sqlite-vec-windows-x64/-/sqlite-vec-windows-x64-0.1.7-alpha.2.tgz",
			"integrity": "sha512-TRP6hTjAcwvQ6xpCZvjP00pdlda8J38ArFy1lMYhtQWXiIBmWnhMaMbq4kaeCYwvTTddfidatRS+TJrwIKB/oQ==",
			"optional": true
		},
		"vscode-jsonrpc": {
			"version": "8.2.0",
			"resolved": "https://registry.npmjs.org/vscode-jsonrpc/-/vscode-jsonrpc-8.2.0.tgz",
			"integrity": "sha512-C+r0eKJUIfiDIfwJhria30+TYWPtuHJXHtI7J0YlOmKAo7ogxP20T0zxB7HZQIFhIyvoBPwWskjxrvAtfjyZfA=="
		},
		"vscode-languageserver": {
			"version": "9.0.1",
			"resolved": "https://registry.npmjs.org/vscode-languageserver/-/vscode-languageserver-9.0.1.tgz",
			"integrity": "sha512-woByF3PDpkHFUreUa7Hos7+pUWdeWMXRd26+ZX2A8cFx6v/JPTtd4/uN0/jB6XQHYaOlHbio03NTHCqrgG5n7g==",
			"requires": {
				"vscode-languageserver-protocol": "3.17.5"
			}
		},
		"vscode-languageserver-protocol": {
			"version": "3.17.5",
			"resolved": "https://registry.npmjs.org/vscode-languageserver-protocol/-/vscode-languageserver-protocol-3.17.5.tgz",
			"integrity": "sha512-mb1bvRJN8SVznADSGWM9u/b07H7Ecg0I3OgXDuLdn307rl/J3A9YD6/eYOssqhecL27hK1IPZAsaqh00i/Jljg==",
			"requires": {
				"vscode-jsonrpc": "8.2.0",
				"vscode-languageserver-types": "3.17.5"
			}
		},
		"vscode-languageserver-textdocument": {
			"version": "1.0.11",
			"resolved": "https://registry.npmjs.org/vscode-languageserver-textdocument/-/vscode-languageserver-textdocument-1.0.11.tgz",
			"integrity": "sha512-X+8T3GoiwTVlJbicx/sIAF+yuJAqz8VvwJyoMVhwEMoEKE/fkDmrqUgDMyBECcM2A2frVZIUj5HI/ErRXCfOeA=="
		},
		"vscode-languageserver-types": {
			"version": "3.17.5",
			"resolved": "https://registry.npmjs.org/vscode-languageserver-types/-/vscode-languageserver-types-3.17.5.tgz",
			"integrity": "sha512-Ld1VelNuX9pdF39h2Hgaeb5hEZM2Z3jUrrMgWQAu82jMtZp7p3vJT3BzToKtZI7NgQssZje5o0zryOrhQvzQAg=="
		},
		"zod": {
			"version": "4.1.13",
			"resolved": "https://registry.npmjs.org/zod/-/zod-4.1.13.tgz",
			"integrity": "sha512-AvvthqfqrAhNH9dnfmrfKzX5upOdjUVJYFqNSlkmGf64gRaTzlPwz99IHYnVs28qYAybvAlBV+H7pn0saFY4Ig==",
			"peer": true
		}
	}
}
